<?xml version="1.0" encoding="utf-8"?>
<Project ToolsVersion="4.0" xmlns="http://schemas.microsoft.com/developer/msbuild/2003">
  <ItemGroup>
    <Filter Include="Source">
      <UniqueIdentifier>{4FC737F1-C7A5-4376-A066-2A32D752A2FF}</UniqueIdentifier>
      <Extensions>cpp;c;cc;cxx;def;odl;idl;hpj;bat;asm;asmx</Extensions>
    </Filter>
    <Filter Include="Resources">
      <UniqueIdentifier>{67DA6AB6-F800-4c08-8B7A-83BB121AAD01}</UniqueIdentifier>
      <Extensions>rc;ico;cur;bmp;dlg;rc2;rct;bin;rgs;gif;jpg;jpeg;jpe;resx;tiff;tif;png;wav;mfcribbon-ms</Extensions>
    </Filter>
    <Filter Include="Source\Private">
      <UniqueIdentifier>{c7a34e91-e773-4eef-ac14-87ecfea0a436}</UniqueIdentifier>
    </Filter>
    <Filter Include="Source\Public">
      <UniqueIdentifier>{1cbacc78-86b8-4a53-a30f-43e598bda5e7}</UniqueIdentifier>
    </Filter>
    <Filter Include="Source\Private\GameObject">
      <UniqueIdentifier>{c370a058-907f-4e53-9175-f46d48c90dff}</UniqueIdentifier>
    </Filter>
    <Filter Include="Source\Public\GameObject">
      <UniqueIdentifier>{1e0baa71-f43f-4e28-991a-0f0239d2c80e}</UniqueIdentifier>
    </Filter>
  </ItemGroup>
  <ItemGroup>
    <ClInclude Include="Source\Public\Application.h">
      <Filter>Source\Public</Filter>
    </ClInclude>
    <ClInclude Include="Source\Public\AssetLoader.h">
      <Filter>Source\Public</Filter>
    </ClInclude>
    <ClInclude Include="Source\Public\Defines.h">
      <Filter>Source\Public</Filter>
    </ClInclude>
    <ClInclude Include="Source\Public\TickHandle.h">
      <Filter>Source\Public</Filter>
    </ClInclude>
    <ClInclude Include="b2Actor2DContactListener.h">
      <Filter>Source\Public\GameObject</Filter>
    </ClInclude>
    <ClInclude Include="Source\Public\b2Actor2D.h">
      <Filter>Source\Public\GameObject</Filter>
    </ClInclude>
  </ItemGroup>
  <ItemGroup>
    <ClCompile Include="Source\Private\Application.cpp">
      <Filter>Source\Private</Filter>
    </ClCompile>
    <ClCompile Include="Source\Private\AssetLoader.cpp">
      <Filter>Source\Private</Filter>
    </ClCompile>
    <ClCompile Include="Source\Private\main.cpp">
      <Filter>Source\Private</Filter>
    </ClCompile>
    <ClCompile Include="Source\Private\TickHandle.cpp">
      <Filter>Source\Private</Filter>
    </ClCompile>
    <ClCompile Include="Source\Private\b2Actor2D.cpp">
      <Filter>Source\Private\GameObject</Filter>
    </ClCompile>
    <ClCompile Include="Source\Private\b2Actor2DContactListener.cpp">
      <Filter>Source\Private\GameObject</Filter>
    </ClCompile>
  </ItemGroup>
  <ItemGroup>
    <Font Include="Resources\04b03.ttf">
      <Filter>Resources</Filter>
    </Font>
    <Font Include="Resources\RightChalk.ttf">
      <Filter>Resources</Filter>
    </Font>
  </ItemGroup>
  <ItemGroup>
    <Image Include="Resources\Background.jpg">
      <Filter>Resources</Filter>
    </Image>
    <Image Include="Resources\basketBall.png">
      <Filter>Resources</Filter>
    </Image>
    <Image Include="Resources\basketBallBoard.png">
      <Filter>Resources</Filter>
    </Image>
    <Image Include="Resources\boxAlt.png">
      <Filter>Resources</Filter>
    </Image>
    <Image Include="Resources\chalkboard.jpg">
      <Filter>Resources</Filter>
    </Image>
    <Image Include="Resources\wood.jpg">
      <Filter>Resources</Filter>
    </Image>
  </ItemGroup>
  <ItemGroup>
    <None Include="Resources\Mr.ogg">
      <Filter>Resources</Filter>
    </None>
  </ItemGroup>
</Project>